// !$*UTF8*$!
{
	archiveVersion = 1;
	classes = {
	};
	objectVersion = 52;
	objects = {

/* Begin PBXBuildFile section */
		5409C9C725BA35BF007CF221 /* ObservationButton.swift in Sources */ = {isa = PBXBuildFile; fileRef = 5409C9C625BA35BF007CF221 /* ObservationButton.swift */; };
		5409C9CC25BA9013007CF221 /* HomeRootView.swift in Sources */ = {isa = PBXBuildFile; fileRef = 5409C9CB25BA9013007CF221 /* HomeRootView.swift */; };
		5409C9D425BA9449007CF221 /* PositiveObservationView.swift in Sources */ = {isa = PBXBuildFile; fileRef = 5409C9D325BA9449007CF221 /* PositiveObservationView.swift */; };
		5409C9D925BA97C4007CF221 /* SimpleCheckbox.swift in Sources */ = {isa = PBXBuildFile; fileRef = 5409C9D825BA97C4007CF221 /* SimpleCheckbox.swift */; };
		542F813F25BA9E9F00EC9B05 /* GenericMakeObservation.swift in Sources */ = {isa = PBXBuildFile; fileRef = 542F813E25BA9E9F00EC9B05 /* GenericMakeObservation.swift */; };
		542F814425BAA18C00EC9B05 /* LoadingScreenObservation.swift in Sources */ = {isa = PBXBuildFile; fileRef = 542F814325BAA18C00EC9B05 /* LoadingScreenObservation.swift */; };
		542F814925BAA2AA00EC9B05 /* LoadingScreenCompleteView.swift in Sources */ = {isa = PBXBuildFile; fileRef = 542F814825BAA2AA00EC9B05 /* LoadingScreenCompleteView.swift */; };
		542F814F25BAA65B00EC9B05 /* SupervisionObservationView.swift in Sources */ = {isa = PBXBuildFile; fileRef = 542F814E25BAA65B00EC9B05 /* SupervisionObservationView.swift */; };
		5441D4A725BB416E004CA4DB /* PositiveObservationRootView1.swift in Sources */ = {isa = PBXBuildFile; fileRef = 5441D4A625BB416E004CA4DB /* PositiveObservationRootView1.swift */; };
		544313D225BAAE5800103E0A /* CheckInfoView.swift in Sources */ = {isa = PBXBuildFile; fileRef = 544313D125BAAE5800103E0A /* CheckInfoView.swift */; };
		54445BBF25BB1D4600E90F48 /* CustomUserDefaultSave.swift in Sources */ = {isa = PBXBuildFile; fileRef = 54445BBE25BB1D4600E90F48 /* CustomUserDefaultSave.swift */; };
		54445BC425BB245600E90F48 /* University.swift in Sources */ = {isa = PBXBuildFile; fileRef = 54445BC325BB245600E90F48 /* University.swift */; };
		54445BC925BB249700E90F48 /* HealthInstitution.swift in Sources */ = {isa = PBXBuildFile; fileRef = 54445BC825BB249700E90F48 /* HealthInstitution.swift */; };
		54445BCE25BB257E00E90F48 /* CheckInfoViewModel.swift in Sources */ = {isa = PBXBuildFile; fileRef = 54445BCD25BB257E00E90F48 /* CheckInfoViewModel.swift */; };
		54445BD625BB36AE00E90F48 /* PositiveObservationRootView.swift in Sources */ = {isa = PBXBuildFile; fileRef = 54445BD525BB36AE00E90F48 /* PositiveObservationRootView.swift */; };
		54445BDB25BB36C200E90F48 /* SupervisionObservationRootView.swift in Sources */ = {isa = PBXBuildFile; fileRef = 54445BDA25BB36C200E90F48 /* SupervisionObservationRootView.swift */; };
		54450A6A25E82A2D0016FFA1 /* CustomLoadingView.swift in Sources */ = {isa = PBXBuildFile; fileRef = 54450A6925E82A2D0016FFA1 /* CustomLoadingView.swift */; };
		54450A7725E84EA10016FFA1 /* NetworkDataValidation.swift in Sources */ = {isa = PBXBuildFile; fileRef = 54450A7625E84EA10016FFA1 /* NetworkDataValidation.swift */; };
		5446046325EDE7D700E37CE0 /* User.swift in Sources */ = {isa = PBXBuildFile; fileRef = 5446046225EDE7D700E37CE0 /* User.swift */; };
		5446046825EDE89900E37CE0 /* Role.swift in Sources */ = {isa = PBXBuildFile; fileRef = 5446046725EDE89900E37CE0 /* Role.swift */; };
		5446046D25EDE93F00E37CE0 /* Stay.swift in Sources */ = {isa = PBXBuildFile; fileRef = 5446046C25EDE93F00E37CE0 /* Stay.swift */; };
		5446C7EA256CC3E9003B93CA /* Lottie in Frameworks */ = {isa = PBXBuildFile; productRef = 5446C7E9256CC3E9003B93CA /* Lottie */; };
		5446C7F2256CC63D003B93CA /* LottieView.swift in Sources */ = {isa = PBXBuildFile; fileRef = 5446C7F1256CC63D003B93CA /* LottieView.swift */; };
		5446C7FD256CD5DE003B93CA /* RootView.swift in Sources */ = {isa = PBXBuildFile; fileRef = 5446C7FC256CD5DE003B93CA /* RootView.swift */; };
		544BF7442583C4750071B2DE /* CustomProgressBarView.swift in Sources */ = {isa = PBXBuildFile; fileRef = 544BF7432583C4750071B2DE /* CustomProgressBarView.swift */; };
		544C0F5C255FE2E1001D0CA3 /* OnboardStep.swift in Sources */ = {isa = PBXBuildFile; fileRef = 544C0F5B255FE2E1001D0CA3 /* OnboardStep.swift */; };
		544C0F61255FE86F001D0CA3 /* OnboardView.swift in Sources */ = {isa = PBXBuildFile; fileRef = 544C0F60255FE86F001D0CA3 /* OnboardView.swift */; };
		544C0F66255FEAB0001D0CA3 /* AboutObeme.swift in Sources */ = {isa = PBXBuildFile; fileRef = 544C0F65255FEAB0001D0CA3 /* AboutObeme.swift */; };
		544D0085256EC02500BE743E /* eye.json in Resources */ = {isa = PBXBuildFile; fileRef = 544D007B256EC02300BE743E /* eye.json */; };
		544D0086256EC02500BE743E /* health-email-red.json in Resources */ = {isa = PBXBuildFile; fileRef = 544D007C256EC02400BE743E /* health-email-red.json */; };
		544D0087256EC02500BE743E /* data.json in Resources */ = {isa = PBXBuildFile; fileRef = 544D007D256EC02400BE743E /* data.json */; };
		544D0088256EC02500BE743E /* health-email-green.json in Resources */ = {isa = PBXBuildFile; fileRef = 544D007E256EC02400BE743E /* health-email-green.json */; };
		544D0089256EC02500BE743E /* electro.json in Resources */ = {isa = PBXBuildFile; fileRef = 544D007F256EC02400BE743E /* electro.json */; };
		544D008A256EC02500BE743E /* health-app.json in Resources */ = {isa = PBXBuildFile; fileRef = 544D0080256EC02400BE743E /* health-app.json */; };
		544D008B256EC02500BE743E /* health-report.json in Resources */ = {isa = PBXBuildFile; fileRef = 544D0081256EC02500BE743E /* health-report.json */; };
		544D008C256EC02500BE743E /* pills-bottle.json in Resources */ = {isa = PBXBuildFile; fileRef = 544D0082256EC02500BE743E /* pills-bottle.json */; };
		544D008D256EC02500BE743E /* safe.json in Resources */ = {isa = PBXBuildFile; fileRef = 544D0083256EC02500BE743E /* safe.json */; };
		544D008E256EC02500BE743E /* telescope.json in Resources */ = {isa = PBXBuildFile; fileRef = 544D0084256EC02500BE743E /* telescope.json */; };
		545F676725DC51BD00C37B64 /* GetPublicInfoManager.swift in Sources */ = {isa = PBXBuildFile; fileRef = 545F676625DC51BD00C37B64 /* GetPublicInfoManager.swift */; };
		546AB90325C461A500835A8E /* ReviewObservationButton.swift in Sources */ = {isa = PBXBuildFile; fileRef = 546AB90225C461A500835A8E /* ReviewObservationButton.swift */; };
		546AB90825C464E400835A8E /* ObservationConsultView.swift in Sources */ = {isa = PBXBuildFile; fileRef = 546AB90725C464E400835A8E /* ObservationConsultView.swift */; };
		546AB90D25C465A300835A8E /* ObservationConsultInfoView.swift in Sources */ = {isa = PBXBuildFile; fileRef = 546AB90C25C465A300835A8E /* ObservationConsultInfoView.swift */; };
		547E8A5C25BA2FC2005C7FE0 /* CustomParagraph.swift in Sources */ = {isa = PBXBuildFile; fileRef = 547E8A5B25BA2FC2005C7FE0 /* CustomParagraph.swift */; };
		547E8A6125BA3031005C7FE0 /* CustomDropDown.swift in Sources */ = {isa = PBXBuildFile; fileRef = 547E8A6025BA3031005C7FE0 /* CustomDropDown.swift */; };
		547E8A6925BA3092005C7FE0 /* CustomDatePicker.swift in Sources */ = {isa = PBXBuildFile; fileRef = 547E8A6825BA3092005C7FE0 /* CustomDatePicker.swift */; };
		547E8A6E25BA30BC005C7FE0 /* CustomRadioButtonField.swift in Sources */ = {isa = PBXBuildFile; fileRef = 547E8A6D25BA30BC005C7FE0 /* CustomRadioButtonField.swift */; };
		547E8A7325BA313E005C7FE0 /* ValidatorField.swift in Sources */ = {isa = PBXBuildFile; fileRef = 547E8A7225BA313E005C7FE0 /* ValidatorField.swift */; };
		547E8A7825BA31DE005C7FE0 /* ValidatorSecureField.swift in Sources */ = {isa = PBXBuildFile; fileRef = 547E8A7725BA31DE005C7FE0 /* ValidatorSecureField.swift */; };
		547E8A8025BA3385005C7FE0 /* WelcomeView.swift in Sources */ = {isa = PBXBuildFile; fileRef = 547E8A7F25BA3385005C7FE0 /* WelcomeView.swift */; };
		54887EAE25CCDA2900C79056 /* TransgressionObservationView.swift in Sources */ = {isa = PBXBuildFile; fileRef = 54887EAD25CCDA2900C79056 /* TransgressionObservationView.swift */; };
		54B50C08255C5870008DD49C /* Student.swift in Sources */ = {isa = PBXBuildFile; fileRef = 54B50C07255C5870008DD49C /* Student.swift */; };
		54B50C10255C5964008DD49C /* LoginViewModel.swift in Sources */ = {isa = PBXBuildFile; fileRef = 54B50C0F255C5964008DD49C /* LoginViewModel.swift */; };
		54B50C15255C5C73008DD49C /* PetititonManager.swift in Sources */ = {isa = PBXBuildFile; fileRef = 54B50C14255C5C73008DD49C /* PetititonManager.swift */; };
		54C605BF255C407B00003D70 /* VemeObemeApp.swift in Sources */ = {isa = PBXBuildFile; fileRef = 54C605BE255C407B00003D70 /* VemeObemeApp.swift */; };
		54C605C1255C407B00003D70 /* LoginView.swift in Sources */ = {isa = PBXBuildFile; fileRef = 54C605C0255C407B00003D70 /* LoginView.swift */; };
		54C605C3255C407D00003D70 /* Assets.xcassets in Resources */ = {isa = PBXBuildFile; fileRef = 54C605C2255C407D00003D70 /* Assets.xcassets */; };
		54C605C6255C407D00003D70 /* Preview Assets.xcassets in Resources */ = {isa = PBXBuildFile; fileRef = 54C605C5255C407D00003D70 /* Preview Assets.xcassets */; };
		54C605D1255C407D00003D70 /* VemeObemeTests.swift in Sources */ = {isa = PBXBuildFile; fileRef = 54C605D0255C407D00003D70 /* VemeObemeTests.swift */; };
		54C605DC255C407D00003D70 /* VemeObemeUITests.swift in Sources */ = {isa = PBXBuildFile; fileRef = 54C605DB255C407D00003D70 /* VemeObemeUITests.swift */; };
		54D1C61D2581583500E7F9C1 /* RegisterView.swift in Sources */ = {isa = PBXBuildFile; fileRef = 54D1C61C2581583500E7F9C1 /* RegisterView.swift */; };
		54D1C62525816AEE00E7F9C1 /* RegisterViewModel.swift in Sources */ = {isa = PBXBuildFile; fileRef = 54D1C62425816AEE00E7F9C1 /* RegisterViewModel.swift */; };
		54D3C4BF255D90960087B2BF /* Utils.swift in Sources */ = {isa = PBXBuildFile; fileRef = 54D3C4BE255D90960087B2BF /* Utils.swift */; };
		54E8653F25D720F400779DA9 /* Country.swift in Sources */ = {isa = PBXBuildFile; fileRef = 54E8653E25D720F400779DA9 /* Country.swift */; };
		54E8654425D7214F00779DA9 /* StayType.swift in Sources */ = {isa = PBXBuildFile; fileRef = 54E8654325D7214F00779DA9 /* StayType.swift */; };
		54E8654925D721A700779DA9 /* Specialty.swift in Sources */ = {isa = PBXBuildFile; fileRef = 54E8654825D721A700779DA9 /* Specialty.swift */; };
		54F1B54D25CCC150003130EA /* AddBorder.swift in Sources */ = {isa = PBXBuildFile; fileRef = 54F1B54C25CCC150003130EA /* AddBorder.swift */; };
/* End PBXBuildFile section */

/* Begin PBXContainerItemProxy section */
		54C605CD255C407D00003D70 /* PBXContainerItemProxy */ = {
			isa = PBXContainerItemProxy;
			containerPortal = 54C605B3255C407B00003D70 /* Project object */;
			proxyType = 1;
			remoteGlobalIDString = 54C605BA255C407B00003D70;
			remoteInfo = VemeObeme;
		};
		54C605D8255C407D00003D70 /* PBXContainerItemProxy */ = {
			isa = PBXContainerItemProxy;
			containerPortal = 54C605B3255C407B00003D70 /* Project object */;
			proxyType = 1;
			remoteGlobalIDString = 54C605BA255C407B00003D70;
			remoteInfo = VemeObeme;
		};
/* End PBXContainerItemProxy section */

/* Begin PBXFileReference section */
		5409C9C625BA35BF007CF221 /* ObservationButton.swift */ = {isa = PBXFileReference; lastKnownFileType = sourcecode.swift; path = ObservationButton.swift; sourceTree = "<group>"; };
		5409C9CB25BA9013007CF221 /* HomeRootView.swift */ = {isa = PBXFileReference; lastKnownFileType = sourcecode.swift; path = HomeRootView.swift; sourceTree = "<group>"; };
		5409C9D325BA9449007CF221 /* PositiveObservationView.swift */ = {isa = PBXFileReference; lastKnownFileType = sourcecode.swift; path = PositiveObservationView.swift; sourceTree = "<group>"; };
		5409C9D825BA97C4007CF221 /* SimpleCheckbox.swift */ = {isa = PBXFileReference; lastKnownFileType = sourcecode.swift; path = SimpleCheckbox.swift; sourceTree = "<group>"; };
		542F813E25BA9E9F00EC9B05 /* GenericMakeObservation.swift */ = {isa = PBXFileReference; lastKnownFileType = sourcecode.swift; path = GenericMakeObservation.swift; sourceTree = "<group>"; };
		542F814325BAA18C00EC9B05 /* LoadingScreenObservation.swift */ = {isa = PBXFileReference; lastKnownFileType = sourcecode.swift; path = LoadingScreenObservation.swift; sourceTree = "<group>"; };
		542F814825BAA2AA00EC9B05 /* LoadingScreenCompleteView.swift */ = {isa = PBXFileReference; lastKnownFileType = sourcecode.swift; path = LoadingScreenCompleteView.swift; sourceTree = "<group>"; };
		542F814E25BAA65B00EC9B05 /* SupervisionObservationView.swift */ = {isa = PBXFileReference; lastKnownFileType = sourcecode.swift; path = SupervisionObservationView.swift; sourceTree = "<group>"; };
		5441D4A625BB416E004CA4DB /* PositiveObservationRootView1.swift */ = {isa = PBXFileReference; fileEncoding = 4; lastKnownFileType = sourcecode.swift; path = PositiveObservationRootView1.swift; sourceTree = "<group>"; };
		544313D125BAAE5800103E0A /* CheckInfoView.swift */ = {isa = PBXFileReference; lastKnownFileType = sourcecode.swift; path = CheckInfoView.swift; sourceTree = "<group>"; };
		54445BBE25BB1D4600E90F48 /* CustomUserDefaultSave.swift */ = {isa = PBXFileReference; lastKnownFileType = sourcecode.swift; path = CustomUserDefaultSave.swift; sourceTree = "<group>"; };
		54445BC325BB245600E90F48 /* University.swift */ = {isa = PBXFileReference; lastKnownFileType = sourcecode.swift; path = University.swift; sourceTree = "<group>"; };
		54445BC825BB249700E90F48 /* HealthInstitution.swift */ = {isa = PBXFileReference; lastKnownFileType = sourcecode.swift; path = HealthInstitution.swift; sourceTree = "<group>"; };
		54445BCD25BB257E00E90F48 /* CheckInfoViewModel.swift */ = {isa = PBXFileReference; lastKnownFileType = sourcecode.swift; path = CheckInfoViewModel.swift; sourceTree = "<group>"; };
		54445BD525BB36AE00E90F48 /* PositiveObservationRootView.swift */ = {isa = PBXFileReference; lastKnownFileType = sourcecode.swift; path = PositiveObservationRootView.swift; sourceTree = "<group>"; };
		54445BDA25BB36C200E90F48 /* SupervisionObservationRootView.swift */ = {isa = PBXFileReference; lastKnownFileType = sourcecode.swift; path = SupervisionObservationRootView.swift; sourceTree = "<group>"; };
		54450A6925E82A2D0016FFA1 /* CustomLoadingView.swift */ = {isa = PBXFileReference; lastKnownFileType = sourcecode.swift; path = CustomLoadingView.swift; sourceTree = "<group>"; };
		54450A7625E84EA10016FFA1 /* NetworkDataValidation.swift */ = {isa = PBXFileReference; lastKnownFileType = sourcecode.swift; path = NetworkDataValidation.swift; sourceTree = "<group>"; };
		5446046225EDE7D700E37CE0 /* User.swift */ = {isa = PBXFileReference; lastKnownFileType = sourcecode.swift; path = User.swift; sourceTree = "<group>"; };
		5446046725EDE89900E37CE0 /* Role.swift */ = {isa = PBXFileReference; lastKnownFileType = sourcecode.swift; path = Role.swift; sourceTree = "<group>"; };
		5446046C25EDE93F00E37CE0 /* Stay.swift */ = {isa = PBXFileReference; lastKnownFileType = sourcecode.swift; path = Stay.swift; sourceTree = "<group>"; };
		5446C7F1256CC63D003B93CA /* LottieView.swift */ = {isa = PBXFileReference; lastKnownFileType = sourcecode.swift; path = LottieView.swift; sourceTree = "<group>"; };
		5446C7FC256CD5DE003B93CA /* RootView.swift */ = {isa = PBXFileReference; lastKnownFileType = sourcecode.swift; path = RootView.swift; sourceTree = "<group>"; };
		544BF7432583C4750071B2DE /* CustomProgressBarView.swift */ = {isa = PBXFileReference; lastKnownFileType = sourcecode.swift; path = CustomProgressBarView.swift; sourceTree = "<group>"; };
		544C0F5B255FE2E1001D0CA3 /* OnboardStep.swift */ = {isa = PBXFileReference; lastKnownFileType = sourcecode.swift; path = OnboardStep.swift; sourceTree = "<group>"; };
		544C0F60255FE86F001D0CA3 /* OnboardView.swift */ = {isa = PBXFileReference; lastKnownFileType = sourcecode.swift; path = OnboardView.swift; sourceTree = "<group>"; };
		544C0F65255FEAB0001D0CA3 /* AboutObeme.swift */ = {isa = PBXFileReference; lastKnownFileType = sourcecode.swift; path = AboutObeme.swift; sourceTree = "<group>"; };
		544D007B256EC02300BE743E /* eye.json */ = {isa = PBXFileReference; fileEncoding = 4; lastKnownFileType = text.json; path = eye.json; sourceTree = "<group>"; };
		544D007C256EC02400BE743E /* health-email-red.json */ = {isa = PBXFileReference; fileEncoding = 4; lastKnownFileType = text.json; path = "health-email-red.json"; sourceTree = "<group>"; };
		544D007D256EC02400BE743E /* data.json */ = {isa = PBXFileReference; fileEncoding = 4; lastKnownFileType = text.json; path = data.json; sourceTree = "<group>"; };
		544D007E256EC02400BE743E /* health-email-green.json */ = {isa = PBXFileReference; fileEncoding = 4; lastKnownFileType = text.json; path = "health-email-green.json"; sourceTree = "<group>"; };
		544D007F256EC02400BE743E /* electro.json */ = {isa = PBXFileReference; fileEncoding = 4; lastKnownFileType = text.json; path = electro.json; sourceTree = "<group>"; };
		544D0080256EC02400BE743E /* health-app.json */ = {isa = PBXFileReference; fileEncoding = 4; lastKnownFileType = text.json; path = "health-app.json"; sourceTree = "<group>"; };
		544D0081256EC02500BE743E /* health-report.json */ = {isa = PBXFileReference; fileEncoding = 4; lastKnownFileType = text.json; path = "health-report.json"; sourceTree = "<group>"; };
		544D0082256EC02500BE743E /* pills-bottle.json */ = {isa = PBXFileReference; fileEncoding = 4; lastKnownFileType = text.json; path = "pills-bottle.json"; sourceTree = "<group>"; };
		544D0083256EC02500BE743E /* safe.json */ = {isa = PBXFileReference; fileEncoding = 4; lastKnownFileType = text.json; path = safe.json; sourceTree = "<group>"; };
		544D0084256EC02500BE743E /* telescope.json */ = {isa = PBXFileReference; fileEncoding = 4; lastKnownFileType = text.json; path = telescope.json; sourceTree = "<group>"; };
		545F676625DC51BD00C37B64 /* GetPublicInfoManager.swift */ = {isa = PBXFileReference; lastKnownFileType = sourcecode.swift; path = GetPublicInfoManager.swift; sourceTree = "<group>"; };
		546AB90225C461A500835A8E /* ReviewObservationButton.swift */ = {isa = PBXFileReference; lastKnownFileType = sourcecode.swift; path = ReviewObservationButton.swift; sourceTree = "<group>"; };
		546AB90725C464E400835A8E /* ObservationConsultView.swift */ = {isa = PBXFileReference; lastKnownFileType = sourcecode.swift; path = ObservationConsultView.swift; sourceTree = "<group>"; };
		546AB90C25C465A300835A8E /* ObservationConsultInfoView.swift */ = {isa = PBXFileReference; lastKnownFileType = sourcecode.swift; path = ObservationConsultInfoView.swift; sourceTree = "<group>"; };
		547E8A5B25BA2FC2005C7FE0 /* CustomParagraph.swift */ = {isa = PBXFileReference; lastKnownFileType = sourcecode.swift; path = CustomParagraph.swift; sourceTree = "<group>"; };
		547E8A6025BA3031005C7FE0 /* CustomDropDown.swift */ = {isa = PBXFileReference; lastKnownFileType = sourcecode.swift; path = CustomDropDown.swift; sourceTree = "<group>"; };
		547E8A6825BA3092005C7FE0 /* CustomDatePicker.swift */ = {isa = PBXFileReference; lastKnownFileType = sourcecode.swift; path = CustomDatePicker.swift; sourceTree = "<group>"; };
		547E8A6D25BA30BC005C7FE0 /* CustomRadioButtonField.swift */ = {isa = PBXFileReference; lastKnownFileType = sourcecode.swift; path = CustomRadioButtonField.swift; sourceTree = "<group>"; };
		547E8A7225BA313E005C7FE0 /* ValidatorField.swift */ = {isa = PBXFileReference; lastKnownFileType = sourcecode.swift; path = ValidatorField.swift; sourceTree = "<group>"; };
		547E8A7725BA31DE005C7FE0 /* ValidatorSecureField.swift */ = {isa = PBXFileReference; lastKnownFileType = sourcecode.swift; path = ValidatorSecureField.swift; sourceTree = "<group>"; };
		547E8A7F25BA3385005C7FE0 /* WelcomeView.swift */ = {isa = PBXFileReference; lastKnownFileType = sourcecode.swift; path = WelcomeView.swift; sourceTree = "<group>"; };
		54887EAD25CCDA2900C79056 /* TransgressionObservationView.swift */ = {isa = PBXFileReference; lastKnownFileType = sourcecode.swift; path = TransgressionObservationView.swift; sourceTree = "<group>"; };
		54B50C07255C5870008DD49C /* Student.swift */ = {isa = PBXFileReference; lastKnownFileType = sourcecode.swift; path = Student.swift; sourceTree = "<group>"; };
		54B50C0F255C5964008DD49C /* LoginViewModel.swift */ = {isa = PBXFileReference; lastKnownFileType = sourcecode.swift; path = LoginViewModel.swift; sourceTree = "<group>"; };
		54B50C14255C5C73008DD49C /* PetititonManager.swift */ = {isa = PBXFileReference; lastKnownFileType = sourcecode.swift; path = PetititonManager.swift; sourceTree = "<group>"; };
		54C605BB255C407B00003D70 /* VemeObeme.app */ = {isa = PBXFileReference; explicitFileType = wrapper.application; includeInIndex = 0; path = VemeObeme.app; sourceTree = BUILT_PRODUCTS_DIR; };
		54C605BE255C407B00003D70 /* VemeObemeApp.swift */ = {isa = PBXFileReference; lastKnownFileType = sourcecode.swift; path = VemeObemeApp.swift; sourceTree = "<group>"; };
		54C605C0255C407B00003D70 /* LoginView.swift */ = {isa = PBXFileReference; lastKnownFileType = sourcecode.swift; path = LoginView.swift; sourceTree = "<group>"; };
		54C605C2255C407D00003D70 /* Assets.xcassets */ = {isa = PBXFileReference; lastKnownFileType = folder.assetcatalog; path = Assets.xcassets; sourceTree = "<group>"; };
		54C605C5255C407D00003D70 /* Preview Assets.xcassets */ = {isa = PBXFileReference; lastKnownFileType = folder.assetcatalog; path = "Preview Assets.xcassets"; sourceTree = "<group>"; };
		54C605C7255C407D00003D70 /* Info.plist */ = {isa = PBXFileReference; lastKnownFileType = text.plist.xml; path = Info.plist; sourceTree = "<group>"; };
		54C605CC255C407D00003D70 /* VemeObemeTests.xctest */ = {isa = PBXFileReference; explicitFileType = wrapper.cfbundle; includeInIndex = 0; path = VemeObemeTests.xctest; sourceTree = BUILT_PRODUCTS_DIR; };
		54C605D0255C407D00003D70 /* VemeObemeTests.swift */ = {isa = PBXFileReference; lastKnownFileType = sourcecode.swift; path = VemeObemeTests.swift; sourceTree = "<group>"; };
		54C605D2255C407D00003D70 /* Info.plist */ = {isa = PBXFileReference; lastKnownFileType = text.plist.xml; path = Info.plist; sourceTree = "<group>"; };
		54C605D7255C407D00003D70 /* VemeObemeUITests.xctest */ = {isa = PBXFileReference; explicitFileType = wrapper.cfbundle; includeInIndex = 0; path = VemeObemeUITests.xctest; sourceTree = BUILT_PRODUCTS_DIR; };
		54C605DB255C407D00003D70 /* VemeObemeUITests.swift */ = {isa = PBXFileReference; lastKnownFileType = sourcecode.swift; path = VemeObemeUITests.swift; sourceTree = "<group>"; };
		54C605DD255C407D00003D70 /* Info.plist */ = {isa = PBXFileReference; lastKnownFileType = text.plist.xml; path = Info.plist; sourceTree = "<group>"; };
		54D1C61C2581583500E7F9C1 /* RegisterView.swift */ = {isa = PBXFileReference; lastKnownFileType = sourcecode.swift; path = RegisterView.swift; sourceTree = "<group>"; };
		54D1C62425816AEE00E7F9C1 /* RegisterViewModel.swift */ = {isa = PBXFileReference; lastKnownFileType = sourcecode.swift; path = RegisterViewModel.swift; sourceTree = "<group>"; };
		54D3C4BE255D90960087B2BF /* Utils.swift */ = {isa = PBXFileReference; lastKnownFileType = sourcecode.swift; path = Utils.swift; sourceTree = "<group>"; };
		54E8653E25D720F400779DA9 /* Country.swift */ = {isa = PBXFileReference; lastKnownFileType = sourcecode.swift; path = Country.swift; sourceTree = "<group>"; };
		54E8654325D7214F00779DA9 /* StayType.swift */ = {isa = PBXFileReference; lastKnownFileType = sourcecode.swift; path = StayType.swift; sourceTree = "<group>"; };
		54E8654825D721A700779DA9 /* Specialty.swift */ = {isa = PBXFileReference; lastKnownFileType = sourcecode.swift; path = Specialty.swift; sourceTree = "<group>"; };
		54F1B54C25CCC150003130EA /* AddBorder.swift */ = {isa = PBXFileReference; lastKnownFileType = sourcecode.swift; path = AddBorder.swift; sourceTree = "<group>"; };
/* End PBXFileReference section */

/* Begin PBXFrameworksBuildPhase section */
		54C605B8255C407B00003D70 /* Frameworks */ = {
			isa = PBXFrameworksBuildPhase;
			buildActionMask = 2147483647;
			files = (
				5446C7EA256CC3E9003B93CA /* Lottie in Frameworks */,
			);
			runOnlyForDeploymentPostprocessing = 0;
		};
		54C605C9255C407D00003D70 /* Frameworks */ = {
			isa = PBXFrameworksBuildPhase;
			buildActionMask = 2147483647;
			files = (
			);
			runOnlyForDeploymentPostprocessing = 0;
		};
		54C605D4255C407D00003D70 /* Frameworks */ = {
			isa = PBXFrameworksBuildPhase;
			buildActionMask = 2147483647;
			files = (
			);
			runOnlyForDeploymentPostprocessing = 0;
		};
/* End PBXFrameworksBuildPhase section */

/* Begin PBXGroup section */
		5445396925CA1CEE002A8C4C /* Utils */ = {
			isa = PBXGroup;
			children = (
				54D3C4BE255D90960087B2BF /* Utils.swift */,
				54F1B54C25CCC150003130EA /* AddBorder.swift */,
			);
			path = Utils;
			sourceTree = "<group>";
		};
		5446C7F6256CC959003B93CA /* Lottie */ = {
			isa = PBXGroup;
			children = (
				544D007D256EC02400BE743E /* data.json */,
				544D007F256EC02400BE743E /* electro.json */,
				544D007B256EC02300BE743E /* eye.json */,
				544D0080256EC02400BE743E /* health-app.json */,
				544D007E256EC02400BE743E /* health-email-green.json */,
				544D007C256EC02400BE743E /* health-email-red.json */,
				544D0081256EC02500BE743E /* health-report.json */,
				544D0082256EC02500BE743E /* pills-bottle.json */,
				544D0083256EC02500BE743E /* safe.json */,
				544D0084256EC02500BE743E /* telescope.json */,
			);
			path = Lottie;
			sourceTree = "<group>";
		};
		544D0092256EC91100BE743E /* Components */ = {
			isa = PBXGroup;
			children = (
				544BF7432583C4750071B2DE /* CustomProgressBarView.swift */,
				547E8A5B25BA2FC2005C7FE0 /* CustomParagraph.swift */,
				547E8A6025BA3031005C7FE0 /* CustomDropDown.swift */,
				547E8A6825BA3092005C7FE0 /* CustomDatePicker.swift */,
				547E8A6D25BA30BC005C7FE0 /* CustomRadioButtonField.swift */,
				547E8A7225BA313E005C7FE0 /* ValidatorField.swift */,
				547E8A7725BA31DE005C7FE0 /* ValidatorSecureField.swift */,
				5409C9C625BA35BF007CF221 /* ObservationButton.swift */,
				5409C9D825BA97C4007CF221 /* SimpleCheckbox.swift */,
				54445BBE25BB1D4600E90F48 /* CustomUserDefaultSave.swift */,
				546AB90225C461A500835A8E /* ReviewObservationButton.swift */,
				54450A6925E82A2D0016FFA1 /* CustomLoadingView.swift */,
			);
			path = Components;
			sourceTree = "<group>";
		};
		54B50C04255C581F008DD49C /* Views */ = {
			isa = PBXGroup;
			children = (
				5441D4A625BB416E004CA4DB /* PositiveObservationRootView1.swift */,
				54C605C0255C407B00003D70 /* LoginView.swift */,
				544C0F5B255FE2E1001D0CA3 /* OnboardStep.swift */,
				544C0F60255FE86F001D0CA3 /* OnboardView.swift */,
				544C0F65255FEAB0001D0CA3 /* AboutObeme.swift */,
				5446C7FC256CD5DE003B93CA /* RootView.swift */,
				54D1C61C2581583500E7F9C1 /* RegisterView.swift */,
				547E8A7F25BA3385005C7FE0 /* WelcomeView.swift */,
				5409C9CB25BA9013007CF221 /* HomeRootView.swift */,
				5409C9D325BA9449007CF221 /* PositiveObservationView.swift */,
				542F813E25BA9E9F00EC9B05 /* GenericMakeObservation.swift */,
				542F814325BAA18C00EC9B05 /* LoadingScreenObservation.swift */,
				542F814825BAA2AA00EC9B05 /* LoadingScreenCompleteView.swift */,
				542F814E25BAA65B00EC9B05 /* SupervisionObservationView.swift */,
				544313D125BAAE5800103E0A /* CheckInfoView.swift */,
				54445BD525BB36AE00E90F48 /* PositiveObservationRootView.swift */,
				54445BDA25BB36C200E90F48 /* SupervisionObservationRootView.swift */,
				546AB90725C464E400835A8E /* ObservationConsultView.swift */,
				546AB90C25C465A300835A8E /* ObservationConsultInfoView.swift */,
				54887EAD25CCDA2900C79056 /* TransgressionObservationView.swift */,
			);
			path = Views;
			sourceTree = "<group>";
		};
		54B50C05255C5840008DD49C /* Models */ = {
			isa = PBXGroup;
			children = (
				54B50C07255C5870008DD49C /* Student.swift */,
				54445BC325BB245600E90F48 /* University.swift */,
				54445BC825BB249700E90F48 /* HealthInstitution.swift */,
				54E8653E25D720F400779DA9 /* Country.swift */,
				54E8654325D7214F00779DA9 /* StayType.swift */,
				54E8654825D721A700779DA9 /* Specialty.swift */,
				5446046225EDE7D700E37CE0 /* User.swift */,
				5446046725EDE89900E37CE0 /* Role.swift */,
				5446046C25EDE93F00E37CE0 /* Stay.swift */,
			);
			path = Models;
			sourceTree = "<group>";
		};
		54B50C06255C5845008DD49C /* ViewModels */ = {
			isa = PBXGroup;
			children = (
				54B50C0F255C5964008DD49C /* LoginViewModel.swift */,
				54D1C62425816AEE00E7F9C1 /* RegisterViewModel.swift */,
				54445BCD25BB257E00E90F48 /* CheckInfoViewModel.swift */,
			);
			path = ViewModels;
			sourceTree = "<group>";
		};
		54B50C19255C5C7A008DD49C /* Network */ = {
			isa = PBXGroup;
			children = (
				54B50C14255C5C73008DD49C /* PetititonManager.swift */,
				545F676625DC51BD00C37B64 /* GetPublicInfoManager.swift */,
				54450A7625E84EA10016FFA1 /* NetworkDataValidation.swift */,
			);
			path = Network;
			sourceTree = "<group>";
		};
		54C605B2255C407B00003D70 = {
			isa = PBXGroup;
			children = (
				54C605BD255C407B00003D70 /* VemeObeme */,
				54C605CF255C407D00003D70 /* VemeObemeTests */,
				54C605DA255C407D00003D70 /* VemeObemeUITests */,
				54C605BC255C407B00003D70 /* Products */,
			);
			sourceTree = "<group>";
		};
		54C605BC255C407B00003D70 /* Products */ = {
			isa = PBXGroup;
			children = (
				54C605BB255C407B00003D70 /* VemeObeme.app */,
				54C605CC255C407D00003D70 /* VemeObemeTests.xctest */,
				54C605D7255C407D00003D70 /* VemeObemeUITests.xctest */,
			);
			name = Products;
			sourceTree = "<group>";
		};
		54C605BD255C407B00003D70 /* VemeObeme */ = {
			isa = PBXGroup;
			children = (
				5445396925CA1CEE002A8C4C /* Utils */,
				544D0092256EC91100BE743E /* Components */,
				54B50C19255C5C7A008DD49C /* Network */,
				54B50C04255C581F008DD49C /* Views */,
				54B50C06255C5845008DD49C /* ViewModels */,
				54B50C05255C5840008DD49C /* Models */,
				5446C7F6256CC959003B93CA /* Lottie */,
				54C605BE255C407B00003D70 /* VemeObemeApp.swift */,
				54C605C2255C407D00003D70 /* Assets.xcassets */,
				54C605C7255C407D00003D70 /* Info.plist */,
				54C605C4255C407D00003D70 /* Preview Content */,
				5446C7F1256CC63D003B93CA /* LottieView.swift */,
			);
			path = VemeObeme;
			sourceTree = "<group>";
		};
		54C605C4255C407D00003D70 /* Preview Content */ = {
			isa = PBXGroup;
			children = (
				54C605C5255C407D00003D70 /* Preview Assets.xcassets */,
			);
			path = "Preview Content";
			sourceTree = "<group>";
		};
		54C605CF255C407D00003D70 /* VemeObemeTests */ = {
			isa = PBXGroup;
			children = (
				54C605D0255C407D00003D70 /* VemeObemeTests.swift */,
				54C605D2255C407D00003D70 /* Info.plist */,
			);
			path = VemeObemeTests;
			sourceTree = "<group>";
		};
		54C605DA255C407D00003D70 /* VemeObemeUITests */ = {
			isa = PBXGroup;
			children = (
				54C605DB255C407D00003D70 /* VemeObemeUITests.swift */,
				54C605DD255C407D00003D70 /* Info.plist */,
			);
			path = VemeObemeUITests;
			sourceTree = "<group>";
		};
/* End PBXGroup section */

/* Begin PBXNativeTarget section */
		54C605BA255C407B00003D70 /* VemeObeme */ = {
			isa = PBXNativeTarget;
			buildConfigurationList = 54C605E0255C407D00003D70 /* Build configuration list for PBXNativeTarget "VemeObeme" */;
			buildPhases = (
				54C605B7255C407B00003D70 /* Sources */,
				54C605B8255C407B00003D70 /* Frameworks */,
				54C605B9255C407B00003D70 /* Resources */,
			);
			buildRules = (
			);
			dependencies = (
			);
			name = VemeObeme;
			packageProductDependencies = (
				5446C7E9256CC3E9003B93CA /* Lottie */,
			);
			productName = VemeObeme;
			productReference = 54C605BB255C407B00003D70 /* VemeObeme.app */;
			productType = "com.apple.product-type.application";
		};
		54C605CB255C407D00003D70 /* VemeObemeTests */ = {
			isa = PBXNativeTarget;
			buildConfigurationList = 54C605E3255C407D00003D70 /* Build configuration list for PBXNativeTarget "VemeObemeTests" */;
			buildPhases = (
				54C605C8255C407D00003D70 /* Sources */,
				54C605C9255C407D00003D70 /* Frameworks */,
				54C605CA255C407D00003D70 /* Resources */,
			);
			buildRules = (
			);
			dependencies = (
				54C605CE255C407D00003D70 /* PBXTargetDependency */,
			);
			name = VemeObemeTests;
			productName = VemeObemeTests;
			productReference = 54C605CC255C407D00003D70 /* VemeObemeTests.xctest */;
			productType = "com.apple.product-type.bundle.unit-test";
		};
		54C605D6255C407D00003D70 /* VemeObemeUITests */ = {
			isa = PBXNativeTarget;
			buildConfigurationList = 54C605E6255C407D00003D70 /* Build configuration list for PBXNativeTarget "VemeObemeUITests" */;
			buildPhases = (
				54C605D3255C407D00003D70 /* Sources */,
				54C605D4255C407D00003D70 /* Frameworks */,
				54C605D5255C407D00003D70 /* Resources */,
			);
			buildRules = (
			);
			dependencies = (
				54C605D9255C407D00003D70 /* PBXTargetDependency */,
			);
			name = VemeObemeUITests;
			productName = VemeObemeUITests;
			productReference = 54C605D7255C407D00003D70 /* VemeObemeUITests.xctest */;
			productType = "com.apple.product-type.bundle.ui-testing";
		};
/* End PBXNativeTarget section */

/* Begin PBXProject section */
		54C605B3255C407B00003D70 /* Project object */ = {
			isa = PBXProject;
			attributes = {
				LastSwiftUpdateCheck = 1200;
				LastUpgradeCheck = 1200;
				TargetAttributes = {
					54C605BA255C407B00003D70 = {
						CreatedOnToolsVersion = 12.0.1;
					};
					54C605CB255C407D00003D70 = {
						CreatedOnToolsVersion = 12.0.1;
						TestTargetID = 54C605BA255C407B00003D70;
					};
					54C605D6255C407D00003D70 = {
						CreatedOnToolsVersion = 12.0.1;
						TestTargetID = 54C605BA255C407B00003D70;
					};
				};
			};
			buildConfigurationList = 54C605B6255C407B00003D70 /* Build configuration list for PBXProject "VemeObeme" */;
			compatibilityVersion = "Xcode 9.3";
			developmentRegion = en;
			hasScannedForEncodings = 0;
			knownRegions = (
				en,
				Base,
			);
			mainGroup = 54C605B2255C407B00003D70;
			packageReferences = (
				5446C7E8256CC3E9003B93CA /* XCRemoteSwiftPackageReference "lottie-ios" */,
			);
			productRefGroup = 54C605BC255C407B00003D70 /* Products */;
			projectDirPath = "";
			projectRoot = "";
			targets = (
				54C605BA255C407B00003D70 /* VemeObeme */,
				54C605CB255C407D00003D70 /* VemeObemeTests */,
				54C605D6255C407D00003D70 /* VemeObemeUITests */,
			);
		};
/* End PBXProject section */

/* Begin PBXResourcesBuildPhase section */
		54C605B9255C407B00003D70 /* Resources */ = {
			isa = PBXResourcesBuildPhase;
			buildActionMask = 2147483647;
			files = (
				544D0086256EC02500BE743E /* health-email-red.json in Resources */,
				54C605C6255C407D00003D70 /* Preview Assets.xcassets in Resources */,
				544D008C256EC02500BE743E /* pills-bottle.json in Resources */,
				544D008D256EC02500BE743E /* safe.json in Resources */,
				544D0088256EC02500BE743E /* health-email-green.json in Resources */,
				544D008A256EC02500BE743E /* health-app.json in Resources */,
				544D008E256EC02500BE743E /* telescope.json in Resources */,
				54C605C3255C407D00003D70 /* Assets.xcassets in Resources */,
				544D0089256EC02500BE743E /* electro.json in Resources */,
				544D0087256EC02500BE743E /* data.json in Resources */,
				544D008B256EC02500BE743E /* health-report.json in Resources */,
				544D0085256EC02500BE743E /* eye.json in Resources */,
			);
			runOnlyForDeploymentPostprocessing = 0;
		};
		54C605CA255C407D00003D70 /* Resources */ = {
			isa = PBXResourcesBuildPhase;
			buildActionMask = 2147483647;
			files = (
			);
			runOnlyForDeploymentPostprocessing = 0;
		};
		54C605D5255C407D00003D70 /* Resources */ = {
			isa = PBXResourcesBuildPhase;
			buildActionMask = 2147483647;
			files = (
			);
			runOnlyForDeploymentPostprocessing = 0;
		};
/* End PBXResourcesBuildPhase section */

/* Begin PBXSourcesBuildPhase section */
		54C605B7255C407B00003D70 /* Sources */ = {
			isa = PBXSourcesBuildPhase;
			buildActionMask = 2147483647;
			files = (
				547E8A7325BA313E005C7FE0 /* ValidatorField.swift in Sources */,
				544C0F5C255FE2E1001D0CA3 /* OnboardStep.swift in Sources */,
				5441D4A725BB416E004CA4DB /* PositiveObservationRootView1.swift in Sources */,
				54E8654925D721A700779DA9 /* Specialty.swift in Sources */,
				547E8A6E25BA30BC005C7FE0 /* CustomRadioButtonField.swift in Sources */,
				546AB90D25C465A300835A8E /* ObservationConsultInfoView.swift in Sources */,
				54450A6A25E82A2D0016FFA1 /* CustomLoadingView.swift in Sources */,
				54D1C61D2581583500E7F9C1 /* RegisterView.swift in Sources */,
				54445BBF25BB1D4600E90F48 /* CustomUserDefaultSave.swift in Sources */,
				54F1B54D25CCC150003130EA /* AddBorder.swift in Sources */,
				546AB90825C464E400835A8E /* ObservationConsultView.swift in Sources */,
				54B50C15255C5C73008DD49C /* PetititonManager.swift in Sources */,
				546AB90325C461A500835A8E /* ReviewObservationButton.swift in Sources */,
				544C0F66255FEAB0001D0CA3 /* AboutObeme.swift in Sources */,
				54B50C10255C5964008DD49C /* LoginViewModel.swift in Sources */,
				54E8653F25D720F400779DA9 /* Country.swift in Sources */,
				54445BC425BB245600E90F48 /* University.swift in Sources */,
				5409C9CC25BA9013007CF221 /* HomeRootView.swift in Sources */,
				542F814925BAA2AA00EC9B05 /* LoadingScreenCompleteView.swift in Sources */,
				5409C9D925BA97C4007CF221 /* SimpleCheckbox.swift in Sources */,
				54C605C1255C407B00003D70 /* LoginView.swift in Sources */,
				54445BC925BB249700E90F48 /* HealthInstitution.swift in Sources */,
				544C0F61255FE86F001D0CA3 /* OnboardView.swift in Sources */,
				547E8A6125BA3031005C7FE0 /* CustomDropDown.swift in Sources */,
				544BF7442583C4750071B2DE /* CustomProgressBarView.swift in Sources */,
				54450A7725E84EA10016FFA1 /* NetworkDataValidation.swift in Sources */,
				542F814425BAA18C00EC9B05 /* LoadingScreenObservation.swift in Sources */,
				544313D225BAAE5800103E0A /* CheckInfoView.swift in Sources */,
				54887EAE25CCDA2900C79056 /* TransgressionObservationView.swift in Sources */,
				547E8A6925BA3092005C7FE0 /* CustomDatePicker.swift in Sources */,
				54C605BF255C407B00003D70 /* VemeObemeApp.swift in Sources */,
				54E8654425D7214F00779DA9 /* StayType.swift in Sources */,
				547E8A8025BA3385005C7FE0 /* WelcomeView.swift in Sources */,
				54D1C62525816AEE00E7F9C1 /* RegisterViewModel.swift in Sources */,
				5446C7FD256CD5DE003B93CA /* RootView.swift in Sources */,
				5409C9C725BA35BF007CF221 /* ObservationButton.swift in Sources */,
				5409C9D425BA9449007CF221 /* PositiveObservationView.swift in Sources */,
				545F676725DC51BD00C37B64 /* GetPublicInfoManager.swift in Sources */,
				54445BD625BB36AE00E90F48 /* PositiveObservationRootView.swift in Sources */,
				542F814F25BAA65B00EC9B05 /* SupervisionObservationView.swift in Sources */,
				54445BCE25BB257E00E90F48 /* CheckInfoViewModel.swift in Sources */,
				5446046325EDE7D700E37CE0 /* User.swift in Sources */,
				547E8A7825BA31DE005C7FE0 /* ValidatorSecureField.swift in Sources */,
				547E8A5C25BA2FC2005C7FE0 /* CustomParagraph.swift in Sources */,
				54B50C08255C5870008DD49C /* Student.swift in Sources */,
				5446C7F2256CC63D003B93CA /* LottieView.swift in Sources */,
				54445BDB25BB36C200E90F48 /* SupervisionObservationRootView.swift in Sources */,
				542F813F25BA9E9F00EC9B05 /* GenericMakeObservation.swift in Sources */,
				5446046D25EDE93F00E37CE0 /* Stay.swift in Sources */,
				54D3C4BF255D90960087B2BF /* Utils.swift in Sources */,
				5446046825EDE89900E37CE0 /* Role.swift in Sources */,
			);
			runOnlyForDeploymentPostprocessing = 0;
		};
		54C605C8255C407D00003D70 /* Sources */ = {
			isa = PBXSourcesBuildPhase;
			buildActionMask = 2147483647;
			files = (
				54C605D1255C407D00003D70 /* VemeObemeTests.swift in Sources */,
			);
			runOnlyForDeploymentPostprocessing = 0;
		};
		54C605D3255C407D00003D70 /* Sources */ = {
			isa = PBXSourcesBuildPhase;
			buildActionMask = 2147483647;
			files = (
				54C605DC255C407D00003D70 /* VemeObemeUITests.swift in Sources */,
			);
			runOnlyForDeploymentPostprocessing = 0;
		};
/* End PBXSourcesBuildPhase section */

/* Begin PBXTargetDependency section */
		54C605CE255C407D00003D70 /* PBXTargetDependency */ = {
			isa = PBXTargetDependency;
			target = 54C605BA255C407B00003D70 /* VemeObeme */;
			targetProxy = 54C605CD255C407D00003D70 /* PBXContainerItemProxy */;
		};
		54C605D9255C407D00003D70 /* PBXTargetDependency */ = {
			isa = PBXTargetDependency;
			target = 54C605BA255C407B00003D70 /* VemeObeme */;
			targetProxy = 54C605D8255C407D00003D70 /* PBXContainerItemProxy */;
		};
/* End PBXTargetDependency section */

/* Begin XCBuildConfiguration section */
		54C605DE255C407D00003D70 /* Debug */ = {
			isa = XCBuildConfiguration;
			buildSettings = {
				ALWAYS_SEARCH_USER_PATHS = NO;
				CLANG_ANALYZER_NONNULL = YES;
				CLANG_ANALYZER_NUMBER_OBJECT_CONVERSION = YES_AGGRESSIVE;
				CLANG_CXX_LANGUAGE_STANDARD = "gnu++14";
				CLANG_CXX_LIBRARY = "libc++";
				CLANG_ENABLE_MODULES = YES;
				CLANG_ENABLE_OBJC_ARC = YES;
				CLANG_ENABLE_OBJC_WEAK = YES;
				CLANG_WARN_BLOCK_CAPTURE_AUTORELEASING = YES;
				CLANG_WARN_BOOL_CONVERSION = YES;
				CLANG_WARN_COMMA = YES;
				CLANG_WARN_CONSTANT_CONVERSION = YES;
				CLANG_WARN_DEPRECATED_OBJC_IMPLEMENTATIONS = YES;
				CLANG_WARN_DIRECT_OBJC_ISA_USAGE = YES_ERROR;
				CLANG_WARN_DOCUMENTATION_COMMENTS = YES;
				CLANG_WARN_EMPTY_BODY = YES;
				CLANG_WARN_ENUM_CONVERSION = YES;
				CLANG_WARN_INFINITE_RECURSION = YES;
				CLANG_WARN_INT_CONVERSION = YES;
				CLANG_WARN_NON_LITERAL_NULL_CONVERSION = YES;
				CLANG_WARN_OBJC_IMPLICIT_RETAIN_SELF = YES;
				CLANG_WARN_OBJC_LITERAL_CONVERSION = YES;
				CLANG_WARN_OBJC_ROOT_CLASS = YES_ERROR;
				CLANG_WARN_QUOTED_INCLUDE_IN_FRAMEWORK_HEADER = YES;
				CLANG_WARN_RANGE_LOOP_ANALYSIS = YES;
				CLANG_WARN_STRICT_PROTOTYPES = YES;
				CLANG_WARN_SUSPICIOUS_MOVE = YES;
				CLANG_WARN_UNGUARDED_AVAILABILITY = YES_AGGRESSIVE;
				CLANG_WARN_UNREACHABLE_CODE = YES;
				CLANG_WARN__DUPLICATE_METHOD_MATCH = YES;
				COPY_PHASE_STRIP = NO;
				DEBUG_INFORMATION_FORMAT = dwarf;
				ENABLE_STRICT_OBJC_MSGSEND = YES;
				ENABLE_TESTABILITY = YES;
				GCC_C_LANGUAGE_STANDARD = gnu11;
				GCC_DYNAMIC_NO_PIC = NO;
				GCC_NO_COMMON_BLOCKS = YES;
				GCC_OPTIMIZATION_LEVEL = 0;
				GCC_PREPROCESSOR_DEFINITIONS = (
					"DEBUG=1",
					"$(inherited)",
				);
				GCC_WARN_64_TO_32_BIT_CONVERSION = YES;
				GCC_WARN_ABOUT_RETURN_TYPE = YES_ERROR;
				GCC_WARN_UNDECLARED_SELECTOR = YES;
				GCC_WARN_UNINITIALIZED_AUTOS = YES_AGGRESSIVE;
				GCC_WARN_UNUSED_FUNCTION = YES;
				GCC_WARN_UNUSED_VARIABLE = YES;
				IPHONEOS_DEPLOYMENT_TARGET = 14.0;
				MTL_ENABLE_DEBUG_INFO = INCLUDE_SOURCE;
				MTL_FAST_MATH = YES;
				ONLY_ACTIVE_ARCH = YES;
				SDKROOT = iphoneos;
				SWIFT_ACTIVE_COMPILATION_CONDITIONS = DEBUG;
				SWIFT_OPTIMIZATION_LEVEL = "-Onone";
			};
			name = Debug;
		};
		54C605DF255C407D00003D70 /* Release */ = {
			isa = XCBuildConfiguration;
			buildSettings = {
				ALWAYS_SEARCH_USER_PATHS = NO;
				CLANG_ANALYZER_NONNULL = YES;
				CLANG_ANALYZER_NUMBER_OBJECT_CONVERSION = YES_AGGRESSIVE;
				CLANG_CXX_LANGUAGE_STANDARD = "gnu++14";
				CLANG_CXX_LIBRARY = "libc++";
				CLANG_ENABLE_MODULES = YES;
				CLANG_ENABLE_OBJC_ARC = YES;
				CLANG_ENABLE_OBJC_WEAK = YES;
				CLANG_WARN_BLOCK_CAPTURE_AUTORELEASING = YES;
				CLANG_WARN_BOOL_CONVERSION = YES;
				CLANG_WARN_COMMA = YES;
				CLANG_WARN_CONSTANT_CONVERSION = YES;
				CLANG_WARN_DEPRECATED_OBJC_IMPLEMENTATIONS = YES;
				CLANG_WARN_DIRECT_OBJC_ISA_USAGE = YES_ERROR;
				CLANG_WARN_DOCUMENTATION_COMMENTS = YES;
				CLANG_WARN_EMPTY_BODY = YES;
				CLANG_WARN_ENUM_CONVERSION = YES;
				CLANG_WARN_INFINITE_RECURSION = YES;
				CLANG_WARN_INT_CONVERSION = YES;
				CLANG_WARN_NON_LITERAL_NULL_CONVERSION = YES;
				CLANG_WARN_OBJC_IMPLICIT_RETAIN_SELF = YES;
				CLANG_WARN_OBJC_LITERAL_CONVERSION = YES;
				CLANG_WARN_OBJC_ROOT_CLASS = YES_ERROR;
				CLANG_WARN_QUOTED_INCLUDE_IN_FRAMEWORK_HEADER = YES;
				CLANG_WARN_RANGE_LOOP_ANALYSIS = YES;
				CLANG_WARN_STRICT_PROTOTYPES = YES;
				CLANG_WARN_SUSPICIOUS_MOVE = YES;
				CLANG_WARN_UNGUARDED_AVAILABILITY = YES_AGGRESSIVE;
				CLANG_WARN_UNREACHABLE_CODE = YES;
				CLANG_WARN__DUPLICATE_METHOD_MATCH = YES;
				COPY_PHASE_STRIP = NO;
				DEBUG_INFORMATION_FORMAT = "dwarf-with-dsym";
				ENABLE_NS_ASSERTIONS = NO;
				ENABLE_STRICT_OBJC_MSGSEND = YES;
				GCC_C_LANGUAGE_STANDARD = gnu11;
				GCC_NO_COMMON_BLOCKS = YES;
				GCC_WARN_64_TO_32_BIT_CONVERSION = YES;
				GCC_WARN_ABOUT_RETURN_TYPE = YES_ERROR;
				GCC_WARN_UNDECLARED_SELECTOR = YES;
				GCC_WARN_UNINITIALIZED_AUTOS = YES_AGGRESSIVE;
				GCC_WARN_UNUSED_FUNCTION = YES;
				GCC_WARN_UNUSED_VARIABLE = YES;
				IPHONEOS_DEPLOYMENT_TARGET = 14.0;
				MTL_ENABLE_DEBUG_INFO = NO;
				MTL_FAST_MATH = YES;
				SDKROOT = iphoneos;
				SWIFT_COMPILATION_MODE = wholemodule;
				SWIFT_OPTIMIZATION_LEVEL = "-O";
				VALIDATE_PRODUCT = YES;
			};
			name = Release;
		};
		54C605E1255C407D00003D70 /* Debug */ = {
			isa = XCBuildConfiguration;
			buildSettings = {
				ASSETCATALOG_COMPILER_APPICON_NAME = AppIcon;
				ASSETCATALOG_COMPILER_GLOBAL_ACCENT_COLOR_NAME = AccentColor;
				CODE_SIGN_STYLE = Automatic;
				DEAD_CODE_STRIPPING = NO;
				DEVELOPMENT_ASSET_PATHS = "\"VemeObeme/Preview Content\"";
				DEVELOPMENT_TEAM = CQ98B864UM;
				ENABLE_PREVIEWS = YES;
				INFOPLIST_FILE = VemeObeme/Info.plist;
				IPHONEOS_DEPLOYMENT_TARGET = 14.0;
				LD_RUNPATH_SEARCH_PATHS = (
					"$(inherited)",
					"@executable_path/Frameworks",
				);
				PRODUCT_BUNDLE_IDENTIFIER = Obeme.VemeObeme;
				PRODUCT_NAME = "$(TARGET_NAME)";
				SWIFT_VERSION = 5.0;
				TARGETED_DEVICE_FAMILY = "1,2";
			};
			name = Debug;
		};
		54C605E2255C407D00003D70 /* Release */ = {
			isa = XCBuildConfiguration;
			buildSettings = {
				ASSETCATALOG_COMPILER_APPICON_NAME = AppIcon;
				ASSETCATALOG_COMPILER_GLOBAL_ACCENT_COLOR_NAME = AccentColor;
				CODE_SIGN_STYLE = Automatic;
				DEAD_CODE_STRIPPING = NO;
				DEVELOPMENT_ASSET_PATHS = "\"VemeObeme/Preview Content\"";
				DEVELOPMENT_TEAM = CQ98B864UM;
				ENABLE_PREVIEWS = YES;
				INFOPLIST_FILE = VemeObeme/Info.plist;
				IPHONEOS_DEPLOYMENT_TARGET = 14.0;
				LD_RUNPATH_SEARCH_PATHS = (
					"$(inherited)",
					"@executable_path/Frameworks",
				);
				PRODUCT_BUNDLE_IDENTIFIER = Obeme.VemeObeme;
				PRODUCT_NAME = "$(TARGET_NAME)";
				SWIFT_VERSION = 5.0;
				TARGETED_DEVICE_FAMILY = "1,2";
			};
			name = Release;
		};
		54C605E4255C407D00003D70 /* Debug */ = {
			isa = XCBuildConfiguration;
			buildSettings = {
				ALWAYS_EMBED_SWIFT_STANDARD_LIBRARIES = YES;
				BUNDLE_LOADER = "$(TEST_HOST)";
				CODE_SIGN_STYLE = Automatic;
				DEVELOPMENT_TEAM = CQ98B864UM;
				INFOPLIST_FILE = VemeObemeTests/Info.plist;
				IPHONEOS_DEPLOYMENT_TARGET = 14.0;
				LD_RUNPATH_SEARCH_PATHS = (
					"$(inherited)",
					"@executable_path/Frameworks",
					"@loader_path/Frameworks",
				);
				PRODUCT_BUNDLE_IDENTIFIER = Obeme.VemeObemeTests;
				PRODUCT_NAME = "$(TARGET_NAME)";
				SWIFT_VERSION = 5.0;
				TARGETED_DEVICE_FAMILY = "1,2";
				TEST_HOST = "$(BUILT_PRODUCTS_DIR)/VemeObeme.app/VemeObeme";
			};
			name = Debug;
		};
		54C605E5255C407D00003D70 /* Release */ = {
			isa = XCBuildConfiguration;
			buildSettings = {
				ALWAYS_EMBED_SWIFT_STANDARD_LIBRARIES = YES;
				BUNDLE_LOADER = "$(TEST_HOST)";
				CODE_SIGN_STYLE = Automatic;
				DEVELOPMENT_TEAM = CQ98B864UM;
				INFOPLIST_FILE = VemeObemeTests/Info.plist;
				IPHONEOS_DEPLOYMENT_TARGET = 14.0;
				LD_RUNPATH_SEARCH_PATHS = (
					"$(inherited)",
					"@executable_path/Frameworks",
					"@loader_path/Frameworks",
				);
				PRODUCT_BUNDLE_IDENTIFIER = Obeme.VemeObemeTests;
				PRODUCT_NAME = "$(TARGET_NAME)";
				SWIFT_VERSION = 5.0;
				TARGETED_DEVICE_FAMILY = "1,2";
				TEST_HOST = "$(BUILT_PRODUCTS_DIR)/VemeObeme.app/VemeObeme";
			};
			name = Release;
		};
		54C605E7255C407D00003D70 /* Debug */ = {
			isa = XCBuildConfiguration;
			buildSettings = {
				ALWAYS_EMBED_SWIFT_STANDARD_LIBRARIES = YES;
				CODE_SIGN_STYLE = Automatic;
				DEVELOPMENT_TEAM = CQ98B864UM;
				INFOPLIST_FILE = VemeObemeUITests/Info.plist;
				LD_RUNPATH_SEARCH_PATHS = (
					"$(inherited)",
					"@executable_path/Frameworks",
					"@loader_path/Frameworks",
				);
				PRODUCT_BUNDLE_IDENTIFIER = Obeme.VemeObemeUITests;
				PRODUCT_NAME = "$(TARGET_NAME)";
				SWIFT_VERSION = 5.0;
				TARGETED_DEVICE_FAMILY = "1,2";
				TEST_TARGET_NAME = VemeObeme;
			};
			name = Debug;
		};
		54C605E8255C407D00003D70 /* Release */ = {
			isa = XCBuildConfiguration;
			buildSettings = {
				ALWAYS_EMBED_SWIFT_STANDARD_LIBRARIES = YES;
				CODE_SIGN_STYLE = Automatic;
				DEVELOPMENT_TEAM = CQ98B864UM;
				INFOPLIST_FILE = VemeObemeUITests/Info.plist;
				LD_RUNPATH_SEARCH_PATHS = (
					"$(inherited)",
					"@executable_path/Frameworks",
					"@loader_path/Frameworks",
				);
				PRODUCT_BUNDLE_IDENTIFIER = Obeme.VemeObemeUITests;
				PRODUCT_NAME = "$(TARGET_NAME)";
				SWIFT_VERSION = 5.0;
				TARGETED_DEVICE_FAMILY = "1,2";
				TEST_TARGET_NAME = VemeObeme;
			};
			name = Release;
		};
/* End XCBuildConfiguration section */

/* Begin XCConfigurationList section */
		54C605B6255C407B00003D70 /* Build configuration list for PBXProject "VemeObeme" */ = {
			isa = XCConfigurationList;
			buildConfigurations = (
				54C605DE255C407D00003D70 /* Debug */,
				54C605DF255C407D00003D70 /* Release */,
			);
			defaultConfigurationIsVisible = 0;
			defaultConfigurationName = Release;
		};
		54C605E0255C407D00003D70 /* Build configuration list for PBXNativeTarget "VemeObeme" */ = {
			isa = XCConfigurationList;
			buildConfigurations = (
				54C605E1255C407D00003D70 /* Debug */,
				54C605E2255C407D00003D70 /* Release */,
			);
			defaultConfigurationIsVisible = 0;
			defaultConfigurationName = Release;
		};
		54C605E3255C407D00003D70 /* Build configuration list for PBXNativeTarget "VemeObemeTests" */ = {
			isa = XCConfigurationList;
			buildConfigurations = (
				54C605E4255C407D00003D70 /* Debug */,
				54C605E5255C407D00003D70 /* Release */,
			);
			defaultConfigurationIsVisible = 0;
			defaultConfigurationName = Release;
		};
		54C605E6255C407D00003D70 /* Build configuration list for PBXNativeTarget "VemeObemeUITests" */ = {
			isa = XCConfigurationList;
			buildConfigurations = (
				54C605E7255C407D00003D70 /* Debug */,
				54C605E8255C407D00003D70 /* Release */,
			);
			defaultConfigurationIsVisible = 0;
			defaultConfigurationName = Release;
		};
/* End XCConfigurationList section */

/* Begin XCRemoteSwiftPackageReference section */
		5446C7E8256CC3E9003B93CA /* XCRemoteSwiftPackageReference "lottie-ios" */ = {
			isa = XCRemoteSwiftPackageReference;
			repositoryURL = "https://github.com/airbnb/lottie-ios";
			requirement = {
				kind = upToNextMajorVersion;
				minimumVersion = 3.1.9;
			};
		};
/* End XCRemoteSwiftPackageReference section */

/* Begin XCSwiftPackageProductDependency section */
		5446C7E9256CC3E9003B93CA /* Lottie */ = {
			isa = XCSwiftPackageProductDependency;
			package = 5446C7E8256CC3E9003B93CA /* XCRemoteSwiftPackageReference "lottie-ios" */;
			productName = Lottie;
		};
/* End XCSwiftPackageProductDependency section */
	};
	rootObject = 54C605B3255C407B00003D70 /* Project object */;
}
